
Microsoft Visual Studio Solution File, Format Version 12.00
# Visual Studio 15
VisualStudioVersion = 15.0.26430.6
MinimumVisualStudioVersion = 10.0.40219.1
Project("{FAE04EC0-301F-11D3-BF4B-00C04F79EFBC}") = "GZipArhivator", "GZipArhivator\GZipArhivator.csproj", "{A8FA052F-5790-48BA-9978-0BBF18C944FD}"
EndProject
Global
	GlobalSection(SolutionConfigurationPlatforms) = preSolution
		Compress|Any CPU = Compress|Any CPU
		Debug|Any CPU = Debug|Any CPU
		Decompress|Any CPU = Decompress|Any CPU
		Release|Any CPU = Release|Any CPU
	EndGlobalSection
	GlobalSection(ProjectConfigurationPlatforms) = postSolution
		{A8FA052F-5790-48BA-9978-0BBF18C944FD}.Compress|Any CPU.ActiveCfg = Compress|Any CPU
		{A8FA052F-5790-48BA-9978-0BBF18C944FD}.Compress|Any CPU.Build.0 = Compress|Any CPU
		{A8FA052F-5790-48BA-9978-0BBF18C944FD}.Debug|Any CPU.ActiveCfg = Debug|Any CPU
		{A8FA052F-5790-48BA-9978-0BBF18C944FD}.Debug|Any CPU.Build.0 = Debug|Any CPU
		{A8FA052F-5790-48BA-9978-0BBF18C944FD}.Decompress|Any CPU.ActiveCfg = Decompress|Any CPU
		{A8FA052F-5790-48BA-9978-0BBF18C944FD}.Decompress|Any CPU.Build.0 = Decompress|Any CPU
		{A8FA052F-5790-48BA-9978-0BBF18C944FD}.Release|Any CPU.ActiveCfg = Release|Any CPU
		{A8FA052F-5790-48BA-9978-0BBF18C944FD}.Release|Any CPU.Build.0 = Release|Any CPU
	EndGlobalSection
	GlobalSection(SolutionProperties) = preSolution
		HideSolutionNode = FALSE
	EndGlobalSection
	GlobalSection(ExtensibilityGlobals) = postSolution
		SolutionGuid = {8324B78F-6246-4AE0-82BF-B944181F92E5}
	EndGlobalSection
EndGlobal
